
Microsoft Visual Studio Solution File, Format Version 12.00
# Visual Studio 15
VisualStudioVersion = 15.0.27428.2002
MinimumVisualStudioVersion = 10.0.40219.1
Project("{8BC9CEB8-8B4A-11D0-8D11-00A0C91BC942}") = "Linked_List_1", "Data_Structure\Data_Structure.vcxproj", "{44810C58-627D-4905-B888-2CA77EF52A68}"
EndProject
Project("{8BC9CEB8-8B4A-11D0-8D11-00A0C91BC942}") = "Linked_List_2", "Linked_List_2\Linked_List_2.vcxproj", "{71460934-883B-437D-86C9-0CD3843C0AA6}"
EndProject
Project("{8BC9CEB8-8B4A-11D0-8D11-00A0C91BC942}") = "Stack", "Stack\Stack.vcxproj", "{879B724C-6DD1-4036-92B0-92DFB353A992}"
EndProject
Project("{8BC9CEB8-8B4A-11D0-8D11-00A0C91BC942}") = "ARRRRRRRRRRRRRRRRRRRRRRRRRRRRRRRRRRRRRRRRrr", "ARRRRRRRRRRRRRRRRRRRRRRRRRRRRRRRRRRRRRRRRrr\ARRRRRRRRRRRRRRRRRRRRRRRRRRRRRRRRRRRRRRRRrr.vcxproj", "{3E1EC29A-6EC4-4A12-9E9A-AE88E53CF370}"
EndProject
Project("{8BC9CEB8-8B4A-11D0-8D11-00A0C91BC942}") = "Linked_List_3", "Linked_List_\Linked_List_.vcxproj", "{52FAD5F0-8B3B-4328-8B59-2A751779B0C0}"
EndProject
Project("{8BC9CEB8-8B4A-11D0-8D11-00A0C91BC942}") = "Queue", "Queue\Queue.vcxproj", "{CC74E877-2A08-4122-AF23-E49C3BF58E9E}"
EndProject
Project("{8BC9CEB8-8B4A-11D0-8D11-00A0C91BC942}") = "Tree", "Tree\Tree.vcxproj", "{78D8EE87-894B-4D4A-B893-E09EA596803C}"
EndProject
Project("{8BC9CEB8-8B4A-11D0-8D11-00A0C91BC942}") = "계산기", "계산기\계산기.vcxproj", "{073A188C-3869-46B8-B92E-20A5B2F609BB}"
EndProject
Project("{8BC9CEB8-8B4A-11D0-8D11-00A0C91BC942}") = "Queue_ADT", "Queue_ADT\Queue_ADT.vcxproj", "{86E4BFA3-0C08-40ED-892B-88A99B699BDA}"
EndProject
Project("{8BC9CEB8-8B4A-11D0-8D11-00A0C91BC942}") = "Queue_List", "Queue_List\Queue_List.vcxproj", "{156E9524-A5D5-4D89-B2C6-5EFBCA557DD2}"
EndProject
Project("{8BC9CEB8-8B4A-11D0-8D11-00A0C91BC942}") = "Deque_", "Deque_\Deque_.vcxproj", "{A635393A-A58F-4B7D-87E2-7F9E91E84198}"
EndProject
Project("{8BC9CEB8-8B4A-11D0-8D11-00A0C91BC942}") = "Selection_Sort", "Selection_Srot\Selection_Srot.vcxproj", "{C497CE84-472A-4EE9-A39E-0F61D96D09E3}"
EndProject
Project("{8BC9CEB8-8B4A-11D0-8D11-00A0C91BC942}") = "Insertion_Sort", "Insertion_Sort\Insertion_Sort.vcxproj", "{3DEAA56A-2759-4B7E-A0C9-E2E5FC8EE59C}"
EndProject
Project("{8BC9CEB8-8B4A-11D0-8D11-00A0C91BC942}") = "Linked_List_4", "Linked_List_4\Linked_List_4.vcxproj", "{ED89B9C3-DB01-43BC-A194-D3C869C3A588}"
EndProject
Project("{8BC9CEB8-8B4A-11D0-8D11-00A0C91BC942}") = "Bubble", "Bubble\Bubble.vcxproj", "{561F7A88-5487-4DAE-B4AF-0C05C4BEFEFF}"
EndProject
Project("{8BC9CEB8-8B4A-11D0-8D11-00A0C91BC942}") = "Shell", "Shell\Shell.vcxproj", "{484B4081-ECBF-47B6-B36C-612AD21E7A6C}"
EndProject
Project("{8BC9CEB8-8B4A-11D0-8D11-00A0C91BC942}") = "Quick", "Quick\Quick.vcxproj", "{70F0185B-E3CE-4735-93C3-9B92FEA5B980}"
EndProject
Project("{8BC9CEB8-8B4A-11D0-8D11-00A0C91BC942}") = "백준(회사에있는사람)", "백준(회사에있는사람)\백준(회사에있는사람).vcxproj", "{7FF08965-5AFC-44F8-B45F-12E4192E0013}"
EndProject
Project("{8BC9CEB8-8B4A-11D0-8D11-00A0C91BC942}") = "Sort", "BubbleSort\BubbleSort.vcxproj", "{80D28707-3064-458F-8BE7-044C7DF70CE6}"
EndProject
Project("{8BC9CEB8-8B4A-11D0-8D11-00A0C91BC942}") = "Heap", "Heap\Heap.vcxproj", "{90F5FA6B-FE24-4AD2-8224-4C372DA1FEF4}"
EndProject
Project("{8BC9CEB8-8B4A-11D0-8D11-00A0C91BC942}") = "CodeUp_계산기", "CodeUp_계산기\CodeUp_계산기.vcxproj", "{9DE46B40-2C0D-4807-9AE4-DCD2F02FCD56}"
EndProject
Project("{8BC9CEB8-8B4A-11D0-8D11-00A0C91BC942}") = "Search", "Search\Search.vcxproj", "{A5EAFE7D-FA7A-4972-810F-6C09136517E3}"
EndProject
Project("{8BC9CEB8-8B4A-11D0-8D11-00A0C91BC942}") = "LL", "LL\LL.vcxproj", "{73275A7B-0AF2-46EB-B9ED-B89AF283C9A1}"
EndProject
Project("{8BC9CEB8-8B4A-11D0-8D11-00A0C91BC942}") = "BinarySearch", "BinarySearch\BinarySearch.vcxproj", "{EF9202E9-773E-4BB3-8752-0538EB50F5A9}"
EndProject
Project("{8BC9CEB8-8B4A-11D0-8D11-00A0C91BC942}") = "LinearSearch", "LinearSearch\LinearSearch.vcxproj", "{74D7F73C-D802-4086-ADCC-D5DFE8EE5C98}"
EndProject
Project("{8BC9CEB8-8B4A-11D0-8D11-00A0C91BC942}") = "연습", "연습\연습.vcxproj", "{E0E5DF52-2F4A-4922-AA75-F9FEBD5C837A}"
EndProject
Project("{8BC9CEB8-8B4A-11D0-8D11-00A0C91BC942}") = "Search_Sort", "Search_Sort\Search_Sort.vcxproj", "{FA3D9274-8B54-47A0-A030-3C11B87A99D7}"
EndProject
Project("{8BC9CEB8-8B4A-11D0-8D11-00A0C91BC942}") = "뜐", "뜐\뜐.vcxproj", "{ED09F910-1CB7-4F87-8DFF-582A0870C43B}"
EndProject
Project("{8BC9CEB8-8B4A-11D0-8D11-00A0C91BC942}") = "BinaryTree", "BinaryTree\BinaryTree.vcxproj", "{77315A8A-416A-4EF9-968B-307D23F4604F}"
EndProject
Project("{8BC9CEB8-8B4A-11D0-8D11-00A0C91BC942}") = "ExpressionTree", "ExpressionTree\ExpressionTree.vcxproj", "{777E3636-EBD6-4738-927A-5B64FB3FAD03}"
EndProject
Project("{8BC9CEB8-8B4A-11D0-8D11-00A0C91BC942}") = "보간검색", "보뭐시기정렬\보뭐시기정렬.vcxproj", "{3C5436A6-9045-4D80-B2E5-7F765B14B51F}"
EndProject
Project("{8BC9CEB8-8B4A-11D0-8D11-00A0C91BC942}") = "Shell_Sort", "Shell_Sort\Shell_Sort.vcxproj", "{350A7CB1-5154-4C32-809A-0F7EE012D3BA}"
EndProject
Project("{8BC9CEB8-8B4A-11D0-8D11-00A0C91BC942}") = "이진트리", "이진트리\이진트리.vcxproj", "{0AEAFC23-DBC5-41D7-9A4A-59A9900724B0}"
EndProject
Project("{8BC9CEB8-8B4A-11D0-8D11-00A0C91BC942}") = "이진트리2", "이진트리2\이진트리2.vcxproj", "{32966FC3-0978-485C-A285-D775CCE72CFC}"
EndProject
Project("{8BC9CEB8-8B4A-11D0-8D11-00A0C91BC942}") = "이중원형리스트", "이중원형리스트\이중원형리스트.vcxproj", "{CECD8A9D-A630-48FE-A633-AFAF66650F94}"
EndProject
Global
	GlobalSection(SolutionConfigurationPlatforms) = preSolution
		Debug|x64 = Debug|x64
		Debug|x86 = Debug|x86
		Release|x64 = Release|x64
		Release|x86 = Release|x86
	EndGlobalSection
	GlobalSection(ProjectConfigurationPlatforms) = postSolution
		{44810C58-627D-4905-B888-2CA77EF52A68}.Debug|x64.ActiveCfg = Debug|x64
		{44810C58-627D-4905-B888-2CA77EF52A68}.Debug|x64.Build.0 = Debug|x64
		{44810C58-627D-4905-B888-2CA77EF52A68}.Debug|x86.ActiveCfg = Debug|Win32
		{44810C58-627D-4905-B888-2CA77EF52A68}.Debug|x86.Build.0 = Debug|Win32
		{44810C58-627D-4905-B888-2CA77EF52A68}.Release|x64.ActiveCfg = Release|x64
		{44810C58-627D-4905-B888-2CA77EF52A68}.Release|x64.Build.0 = Release|x64
		{44810C58-627D-4905-B888-2CA77EF52A68}.Release|x86.ActiveCfg = Release|Win32
		{44810C58-627D-4905-B888-2CA77EF52A68}.Release|x86.Build.0 = Release|Win32
		{71460934-883B-437D-86C9-0CD3843C0AA6}.Debug|x64.ActiveCfg = Debug|x64
		{71460934-883B-437D-86C9-0CD3843C0AA6}.Debug|x64.Build.0 = Debug|x64
		{71460934-883B-437D-86C9-0CD3843C0AA6}.Debug|x86.ActiveCfg = Debug|Win32
		{71460934-883B-437D-86C9-0CD3843C0AA6}.Debug|x86.Build.0 = Debug|Win32
		{71460934-883B-437D-86C9-0CD3843C0AA6}.Release|x64.ActiveCfg = Release|x64
		{71460934-883B-437D-86C9-0CD3843C0AA6}.Release|x64.Build.0 = Release|x64
		{71460934-883B-437D-86C9-0CD3843C0AA6}.Release|x86.ActiveCfg = Release|Win32
		{71460934-883B-437D-86C9-0CD3843C0AA6}.Release|x86.Build.0 = Release|Win32
		{879B724C-6DD1-4036-92B0-92DFB353A992}.Debug|x64.ActiveCfg = Debug|x64
		{879B724C-6DD1-4036-92B0-92DFB353A992}.Debug|x64.Build.0 = Debug|x64
		{879B724C-6DD1-4036-92B0-92DFB353A992}.Debug|x86.ActiveCfg = Debug|Win32
		{879B724C-6DD1-4036-92B0-92DFB353A992}.Debug|x86.Build.0 = Debug|Win32
		{879B724C-6DD1-4036-92B0-92DFB353A992}.Release|x64.ActiveCfg = Release|x64
		{879B724C-6DD1-4036-92B0-92DFB353A992}.Release|x64.Build.0 = Release|x64
		{879B724C-6DD1-4036-92B0-92DFB353A992}.Release|x86.ActiveCfg = Release|Win32
		{879B724C-6DD1-4036-92B0-92DFB353A992}.Release|x86.Build.0 = Release|Win32
		{3E1EC29A-6EC4-4A12-9E9A-AE88E53CF370}.Debug|x64.ActiveCfg = Debug|x64
		{3E1EC29A-6EC4-4A12-9E9A-AE88E53CF370}.Debug|x64.Build.0 = Debug|x64
		{3E1EC29A-6EC4-4A12-9E9A-AE88E53CF370}.Debug|x86.ActiveCfg = Debug|Win32
		{3E1EC29A-6EC4-4A12-9E9A-AE88E53CF370}.Debug|x86.Build.0 = Debug|Win32
		{3E1EC29A-6EC4-4A12-9E9A-AE88E53CF370}.Release|x64.ActiveCfg = Release|x64
		{3E1EC29A-6EC4-4A12-9E9A-AE88E53CF370}.Release|x64.Build.0 = Release|x64
		{3E1EC29A-6EC4-4A12-9E9A-AE88E53CF370}.Release|x86.ActiveCfg = Release|Win32
		{3E1EC29A-6EC4-4A12-9E9A-AE88E53CF370}.Release|x86.Build.0 = Release|Win32
		{52FAD5F0-8B3B-4328-8B59-2A751779B0C0}.Debug|x64.ActiveCfg = Debug|x64
		{52FAD5F0-8B3B-4328-8B59-2A751779B0C0}.Debug|x64.Build.0 = Debug|x64
		{52FAD5F0-8B3B-4328-8B59-2A751779B0C0}.Debug|x86.ActiveCfg = Debug|Win32
		{52FAD5F0-8B3B-4328-8B59-2A751779B0C0}.Debug|x86.Build.0 = Debug|Win32
		{52FAD5F0-8B3B-4328-8B59-2A751779B0C0}.Release|x64.ActiveCfg = Release|x64
		{52FAD5F0-8B3B-4328-8B59-2A751779B0C0}.Release|x64.Build.0 = Release|x64
		{52FAD5F0-8B3B-4328-8B59-2A751779B0C0}.Release|x86.ActiveCfg = Release|Win32
		{52FAD5F0-8B3B-4328-8B59-2A751779B0C0}.Release|x86.Build.0 = Release|Win32
		{CC74E877-2A08-4122-AF23-E49C3BF58E9E}.Debug|x64.ActiveCfg = Debug|x64
		{CC74E877-2A08-4122-AF23-E49C3BF58E9E}.Debug|x64.Build.0 = Debug|x64
		{CC74E877-2A08-4122-AF23-E49C3BF58E9E}.Debug|x86.ActiveCfg = Debug|Win32
		{CC74E877-2A08-4122-AF23-E49C3BF58E9E}.Debug|x86.Build.0 = Debug|Win32
		{CC74E877-2A08-4122-AF23-E49C3BF58E9E}.Release|x64.ActiveCfg = Release|x64
		{CC74E877-2A08-4122-AF23-E49C3BF58E9E}.Release|x64.Build.0 = Release|x64
		{CC74E877-2A08-4122-AF23-E49C3BF58E9E}.Release|x86.ActiveCfg = Release|Win32
		{CC74E877-2A08-4122-AF23-E49C3BF58E9E}.Release|x86.Build.0 = Release|Win32
		{78D8EE87-894B-4D4A-B893-E09EA596803C}.Debug|x64.ActiveCfg = Debug|x64
		{78D8EE87-894B-4D4A-B893-E09EA596803C}.Debug|x64.Build.0 = Debug|x64
		{78D8EE87-894B-4D4A-B893-E09EA596803C}.Debug|x86.ActiveCfg = Debug|Win32
		{78D8EE87-894B-4D4A-B893-E09EA596803C}.Debug|x86.Build.0 = Debug|Win32
		{78D8EE87-894B-4D4A-B893-E09EA596803C}.Release|x64.ActiveCfg = Release|x64
		{78D8EE87-894B-4D4A-B893-E09EA596803C}.Release|x64.Build.0 = Release|x64
		{78D8EE87-894B-4D4A-B893-E09EA596803C}.Release|x86.ActiveCfg = Release|Win32
		{78D8EE87-894B-4D4A-B893-E09EA596803C}.Release|x86.Build.0 = Release|Win32
		{073A188C-3869-46B8-B92E-20A5B2F609BB}.Debug|x64.ActiveCfg = Debug|x64
		{073A188C-3869-46B8-B92E-20A5B2F609BB}.Debug|x64.Build.0 = Debug|x64
		{073A188C-3869-46B8-B92E-20A5B2F609BB}.Debug|x86.ActiveCfg = Debug|Win32
		{073A188C-3869-46B8-B92E-20A5B2F609BB}.Debug|x86.Build.0 = Debug|Win32
		{073A188C-3869-46B8-B92E-20A5B2F609BB}.Release|x64.ActiveCfg = Release|x64
		{073A188C-3869-46B8-B92E-20A5B2F609BB}.Release|x64.Build.0 = Release|x64
		{073A188C-3869-46B8-B92E-20A5B2F609BB}.Release|x86.ActiveCfg = Release|Win32
		{073A188C-3869-46B8-B92E-20A5B2F609BB}.Release|x86.Build.0 = Release|Win32
		{86E4BFA3-0C08-40ED-892B-88A99B699BDA}.Debug|x64.ActiveCfg = Debug|x64
		{86E4BFA3-0C08-40ED-892B-88A99B699BDA}.Debug|x64.Build.0 = Debug|x64
		{86E4BFA3-0C08-40ED-892B-88A99B699BDA}.Debug|x86.ActiveCfg = Debug|Win32
		{86E4BFA3-0C08-40ED-892B-88A99B699BDA}.Debug|x86.Build.0 = Debug|Win32
		{86E4BFA3-0C08-40ED-892B-88A99B699BDA}.Release|x64.ActiveCfg = Release|x64
		{86E4BFA3-0C08-40ED-892B-88A99B699BDA}.Release|x64.Build.0 = Release|x64
		{86E4BFA3-0C08-40ED-892B-88A99B699BDA}.Release|x86.ActiveCfg = Release|Win32
		{86E4BFA3-0C08-40ED-892B-88A99B699BDA}.Release|x86.Build.0 = Release|Win32
		{156E9524-A5D5-4D89-B2C6-5EFBCA557DD2}.Debug|x64.ActiveCfg = Debug|x64
		{156E9524-A5D5-4D89-B2C6-5EFBCA557DD2}.Debug|x64.Build.0 = Debug|x64
		{156E9524-A5D5-4D89-B2C6-5EFBCA557DD2}.Debug|x86.ActiveCfg = Debug|Win32
		{156E9524-A5D5-4D89-B2C6-5EFBCA557DD2}.Debug|x86.Build.0 = Debug|Win32
		{156E9524-A5D5-4D89-B2C6-5EFBCA557DD2}.Release|x64.ActiveCfg = Release|x64
		{156E9524-A5D5-4D89-B2C6-5EFBCA557DD2}.Release|x64.Build.0 = Release|x64
		{156E9524-A5D5-4D89-B2C6-5EFBCA557DD2}.Release|x86.ActiveCfg = Release|Win32
		{156E9524-A5D5-4D89-B2C6-5EFBCA557DD2}.Release|x86.Build.0 = Release|Win32
		{A635393A-A58F-4B7D-87E2-7F9E91E84198}.Debug|x64.ActiveCfg = Debug|x64
		{A635393A-A58F-4B7D-87E2-7F9E91E84198}.Debug|x64.Build.0 = Debug|x64
		{A635393A-A58F-4B7D-87E2-7F9E91E84198}.Debug|x86.ActiveCfg = Debug|Win32
		{A635393A-A58F-4B7D-87E2-7F9E91E84198}.Debug|x86.Build.0 = Debug|Win32
		{A635393A-A58F-4B7D-87E2-7F9E91E84198}.Release|x64.ActiveCfg = Release|x64
		{A635393A-A58F-4B7D-87E2-7F9E91E84198}.Release|x64.Build.0 = Release|x64
		{A635393A-A58F-4B7D-87E2-7F9E91E84198}.Release|x86.ActiveCfg = Release|Win32
		{A635393A-A58F-4B7D-87E2-7F9E91E84198}.Release|x86.Build.0 = Release|Win32
		{C497CE84-472A-4EE9-A39E-0F61D96D09E3}.Debug|x64.ActiveCfg = Debug|x64
		{C497CE84-472A-4EE9-A39E-0F61D96D09E3}.Debug|x64.Build.0 = Debug|x64
		{C497CE84-472A-4EE9-A39E-0F61D96D09E3}.Debug|x86.ActiveCfg = Debug|Win32
		{C497CE84-472A-4EE9-A39E-0F61D96D09E3}.Debug|x86.Build.0 = Debug|Win32
		{C497CE84-472A-4EE9-A39E-0F61D96D09E3}.Release|x64.ActiveCfg = Release|x64
		{C497CE84-472A-4EE9-A39E-0F61D96D09E3}.Release|x64.Build.0 = Release|x64
		{C497CE84-472A-4EE9-A39E-0F61D96D09E3}.Release|x86.ActiveCfg = Release|Win32
		{C497CE84-472A-4EE9-A39E-0F61D96D09E3}.Release|x86.Build.0 = Release|Win32
		{3DEAA56A-2759-4B7E-A0C9-E2E5FC8EE59C}.Debug|x64.ActiveCfg = Debug|x64
		{3DEAA56A-2759-4B7E-A0C9-E2E5FC8EE59C}.Debug|x64.Build.0 = Debug|x64
		{3DEAA56A-2759-4B7E-A0C9-E2E5FC8EE59C}.Debug|x86.ActiveCfg = Debug|Win32
		{3DEAA56A-2759-4B7E-A0C9-E2E5FC8EE59C}.Debug|x86.Build.0 = Debug|Win32
		{3DEAA56A-2759-4B7E-A0C9-E2E5FC8EE59C}.Release|x64.ActiveCfg = Release|x64
		{3DEAA56A-2759-4B7E-A0C9-E2E5FC8EE59C}.Release|x64.Build.0 = Release|x64
		{3DEAA56A-2759-4B7E-A0C9-E2E5FC8EE59C}.Release|x86.ActiveCfg = Release|Win32
		{3DEAA56A-2759-4B7E-A0C9-E2E5FC8EE59C}.Release|x86.Build.0 = Release|Win32
		{ED89B9C3-DB01-43BC-A194-D3C869C3A588}.Debug|x64.ActiveCfg = Debug|x64
		{ED89B9C3-DB01-43BC-A194-D3C869C3A588}.Debug|x64.Build.0 = Debug|x64
		{ED89B9C3-DB01-43BC-A194-D3C869C3A588}.Debug|x86.ActiveCfg = Debug|Win32
		{ED89B9C3-DB01-43BC-A194-D3C869C3A588}.Debug|x86.Build.0 = Debug|Win32
		{ED89B9C3-DB01-43BC-A194-D3C869C3A588}.Release|x64.ActiveCfg = Release|x64
		{ED89B9C3-DB01-43BC-A194-D3C869C3A588}.Release|x64.Build.0 = Release|x64
		{ED89B9C3-DB01-43BC-A194-D3C869C3A588}.Release|x86.ActiveCfg = Release|Win32
		{ED89B9C3-DB01-43BC-A194-D3C869C3A588}.Release|x86.Build.0 = Release|Win32
		{561F7A88-5487-4DAE-B4AF-0C05C4BEFEFF}.Debug|x64.ActiveCfg = Debug|x64
		{561F7A88-5487-4DAE-B4AF-0C05C4BEFEFF}.Debug|x64.Build.0 = Debug|x64
		{561F7A88-5487-4DAE-B4AF-0C05C4BEFEFF}.Debug|x86.ActiveCfg = Debug|Win32
		{561F7A88-5487-4DAE-B4AF-0C05C4BEFEFF}.Debug|x86.Build.0 = Debug|Win32
		{561F7A88-5487-4DAE-B4AF-0C05C4BEFEFF}.Release|x64.ActiveCfg = Release|x64
		{561F7A88-5487-4DAE-B4AF-0C05C4BEFEFF}.Release|x64.Build.0 = Release|x64
		{561F7A88-5487-4DAE-B4AF-0C05C4BEFEFF}.Release|x86.ActiveCfg = Release|Win32
		{561F7A88-5487-4DAE-B4AF-0C05C4BEFEFF}.Release|x86.Build.0 = Release|Win32
		{484B4081-ECBF-47B6-B36C-612AD21E7A6C}.Debug|x64.ActiveCfg = Debug|x64
		{484B4081-ECBF-47B6-B36C-612AD21E7A6C}.Debug|x64.Build.0 = Debug|x64
		{484B4081-ECBF-47B6-B36C-612AD21E7A6C}.Debug|x86.ActiveCfg = Debug|Win32
		{484B4081-ECBF-47B6-B36C-612AD21E7A6C}.Debug|x86.Build.0 = Debug|Win32
		{484B4081-ECBF-47B6-B36C-612AD21E7A6C}.Release|x64.ActiveCfg = Release|x64
		{484B4081-ECBF-47B6-B36C-612AD21E7A6C}.Release|x64.Build.0 = Release|x64
		{484B4081-ECBF-47B6-B36C-612AD21E7A6C}.Release|x86.ActiveCfg = Release|Win32
		{484B4081-ECBF-47B6-B36C-612AD21E7A6C}.Release|x86.Build.0 = Release|Win32
		{70F0185B-E3CE-4735-93C3-9B92FEA5B980}.Debug|x64.ActiveCfg = Debug|x64
		{70F0185B-E3CE-4735-93C3-9B92FEA5B980}.Debug|x64.Build.0 = Debug|x64
		{70F0185B-E3CE-4735-93C3-9B92FEA5B980}.Debug|x86.ActiveCfg = Debug|Win32
		{70F0185B-E3CE-4735-93C3-9B92FEA5B980}.Debug|x86.Build.0 = Debug|Win32
		{70F0185B-E3CE-4735-93C3-9B92FEA5B980}.Release|x64.ActiveCfg = Release|x64
		{70F0185B-E3CE-4735-93C3-9B92FEA5B980}.Release|x64.Build.0 = Release|x64
		{70F0185B-E3CE-4735-93C3-9B92FEA5B980}.Release|x86.ActiveCfg = Release|Win32
		{70F0185B-E3CE-4735-93C3-9B92FEA5B980}.Release|x86.Build.0 = Release|Win32
		{7FF08965-5AFC-44F8-B45F-12E4192E0013}.Debug|x64.ActiveCfg = Debug|x64
		{7FF08965-5AFC-44F8-B45F-12E4192E0013}.Debug|x64.Build.0 = Debug|x64
		{7FF08965-5AFC-44F8-B45F-12E4192E0013}.Debug|x86.ActiveCfg = Debug|Win32
		{7FF08965-5AFC-44F8-B45F-12E4192E0013}.Debug|x86.Build.0 = Debug|Win32
		{7FF08965-5AFC-44F8-B45F-12E4192E0013}.Release|x64.ActiveCfg = Release|x64
		{7FF08965-5AFC-44F8-B45F-12E4192E0013}.Release|x64.Build.0 = Release|x64
		{7FF08965-5AFC-44F8-B45F-12E4192E0013}.Release|x86.ActiveCfg = Release|Win32
		{7FF08965-5AFC-44F8-B45F-12E4192E0013}.Release|x86.Build.0 = Release|Win32
		{80D28707-3064-458F-8BE7-044C7DF70CE6}.Debug|x64.ActiveCfg = Debug|x64
		{80D28707-3064-458F-8BE7-044C7DF70CE6}.Debug|x64.Build.0 = Debug|x64
		{80D28707-3064-458F-8BE7-044C7DF70CE6}.Debug|x86.ActiveCfg = Debug|Win32
		{80D28707-3064-458F-8BE7-044C7DF70CE6}.Debug|x86.Build.0 = Debug|Win32
		{80D28707-3064-458F-8BE7-044C7DF70CE6}.Release|x64.ActiveCfg = Release|x64
		{80D28707-3064-458F-8BE7-044C7DF70CE6}.Release|x64.Build.0 = Release|x64
		{80D28707-3064-458F-8BE7-044C7DF70CE6}.Release|x86.ActiveCfg = Release|Win32
		{80D28707-3064-458F-8BE7-044C7DF70CE6}.Release|x86.Build.0 = Release|Win32
		{90F5FA6B-FE24-4AD2-8224-4C372DA1FEF4}.Debug|x64.ActiveCfg = Debug|x64
		{90F5FA6B-FE24-4AD2-8224-4C372DA1FEF4}.Debug|x64.Build.0 = Debug|x64
		{90F5FA6B-FE24-4AD2-8224-4C372DA1FEF4}.Debug|x86.ActiveCfg = Debug|Win32
		{90F5FA6B-FE24-4AD2-8224-4C372DA1FEF4}.Debug|x86.Build.0 = Debug|Win32
		{90F5FA6B-FE24-4AD2-8224-4C372DA1FEF4}.Release|x64.ActiveCfg = Release|x64
		{90F5FA6B-FE24-4AD2-8224-4C372DA1FEF4}.Release|x64.Build.0 = Release|x64
		{90F5FA6B-FE24-4AD2-8224-4C372DA1FEF4}.Release|x86.ActiveCfg = Release|Win32
		{90F5FA6B-FE24-4AD2-8224-4C372DA1FEF4}.Release|x86.Build.0 = Release|Win32
		{9DE46B40-2C0D-4807-9AE4-DCD2F02FCD56}.Debug|x64.ActiveCfg = Debug|x64
		{9DE46B40-2C0D-4807-9AE4-DCD2F02FCD56}.Debug|x64.Build.0 = Debug|x64
		{9DE46B40-2C0D-4807-9AE4-DCD2F02FCD56}.Debug|x86.ActiveCfg = Debug|Win32
		{9DE46B40-2C0D-4807-9AE4-DCD2F02FCD56}.Debug|x86.Build.0 = Debug|Win32
		{9DE46B40-2C0D-4807-9AE4-DCD2F02FCD56}.Release|x64.ActiveCfg = Release|x64
		{9DE46B40-2C0D-4807-9AE4-DCD2F02FCD56}.Release|x64.Build.0 = Release|x64
		{9DE46B40-2C0D-4807-9AE4-DCD2F02FCD56}.Release|x86.ActiveCfg = Release|Win32
		{9DE46B40-2C0D-4807-9AE4-DCD2F02FCD56}.Release|x86.Build.0 = Release|Win32
		{A5EAFE7D-FA7A-4972-810F-6C09136517E3}.Debug|x64.ActiveCfg = Debug|x64
		{A5EAFE7D-FA7A-4972-810F-6C09136517E3}.Debug|x64.Build.0 = Debug|x64
		{A5EAFE7D-FA7A-4972-810F-6C09136517E3}.Debug|x86.ActiveCfg = Debug|Win32
		{A5EAFE7D-FA7A-4972-810F-6C09136517E3}.Debug|x86.Build.0 = Debug|Win32
		{A5EAFE7D-FA7A-4972-810F-6C09136517E3}.Release|x64.ActiveCfg = Release|x64
		{A5EAFE7D-FA7A-4972-810F-6C09136517E3}.Release|x64.Build.0 = Release|x64
		{A5EAFE7D-FA7A-4972-810F-6C09136517E3}.Release|x86.ActiveCfg = Release|Win32
		{A5EAFE7D-FA7A-4972-810F-6C09136517E3}.Release|x86.Build.0 = Release|Win32
		{73275A7B-0AF2-46EB-B9ED-B89AF283C9A1}.Debug|x64.ActiveCfg = Debug|x64
		{73275A7B-0AF2-46EB-B9ED-B89AF283C9A1}.Debug|x64.Build.0 = Debug|x64
		{73275A7B-0AF2-46EB-B9ED-B89AF283C9A1}.Debug|x86.ActiveCfg = Debug|Win32
		{73275A7B-0AF2-46EB-B9ED-B89AF283C9A1}.Debug|x86.Build.0 = Debug|Win32
		{73275A7B-0AF2-46EB-B9ED-B89AF283C9A1}.Release|x64.ActiveCfg = Release|x64
		{73275A7B-0AF2-46EB-B9ED-B89AF283C9A1}.Release|x64.Build.0 = Release|x64
		{73275A7B-0AF2-46EB-B9ED-B89AF283C9A1}.Release|x86.ActiveCfg = Release|Win32
		{73275A7B-0AF2-46EB-B9ED-B89AF283C9A1}.Release|x86.Build.0 = Release|Win32
		{EF9202E9-773E-4BB3-8752-0538EB50F5A9}.Debug|x64.ActiveCfg = Debug|x64
		{EF9202E9-773E-4BB3-8752-0538EB50F5A9}.Debug|x64.Build.0 = Debug|x64
		{EF9202E9-773E-4BB3-8752-0538EB50F5A9}.Debug|x86.ActiveCfg = Debug|Win32
		{EF9202E9-773E-4BB3-8752-0538EB50F5A9}.Debug|x86.Build.0 = Debug|Win32
		{EF9202E9-773E-4BB3-8752-0538EB50F5A9}.Release|x64.ActiveCfg = Release|x64
		{EF9202E9-773E-4BB3-8752-0538EB50F5A9}.Release|x64.Build.0 = Release|x64
		{EF9202E9-773E-4BB3-8752-0538EB50F5A9}.Release|x86.ActiveCfg = Release|Win32
		{EF9202E9-773E-4BB3-8752-0538EB50F5A9}.Release|x86.Build.0 = Release|Win32
		{74D7F73C-D802-4086-ADCC-D5DFE8EE5C98}.Debug|x64.ActiveCfg = Debug|x64
		{74D7F73C-D802-4086-ADCC-D5DFE8EE5C98}.Debug|x64.Build.0 = Debug|x64
		{74D7F73C-D802-4086-ADCC-D5DFE8EE5C98}.Debug|x86.ActiveCfg = Debug|Win32
		{74D7F73C-D802-4086-ADCC-D5DFE8EE5C98}.Debug|x86.Build.0 = Debug|Win32
		{74D7F73C-D802-4086-ADCC-D5DFE8EE5C98}.Release|x64.ActiveCfg = Release|x64
		{74D7F73C-D802-4086-ADCC-D5DFE8EE5C98}.Release|x64.Build.0 = Release|x64
		{74D7F73C-D802-4086-ADCC-D5DFE8EE5C98}.Release|x86.ActiveCfg = Release|Win32
		{74D7F73C-D802-4086-ADCC-D5DFE8EE5C98}.Release|x86.Build.0 = Release|Win32
		{E0E5DF52-2F4A-4922-AA75-F9FEBD5C837A}.Debug|x64.ActiveCfg = Debug|x64
		{E0E5DF52-2F4A-4922-AA75-F9FEBD5C837A}.Debug|x64.Build.0 = Debug|x64
		{E0E5DF52-2F4A-4922-AA75-F9FEBD5C837A}.Debug|x86.ActiveCfg = Debug|Win32
		{E0E5DF52-2F4A-4922-AA75-F9FEBD5C837A}.Debug|x86.Build.0 = Debug|Win32
		{E0E5DF52-2F4A-4922-AA75-F9FEBD5C837A}.Release|x64.ActiveCfg = Release|x64
		{E0E5DF52-2F4A-4922-AA75-F9FEBD5C837A}.Release|x64.Build.0 = Release|x64
		{E0E5DF52-2F4A-4922-AA75-F9FEBD5C837A}.Release|x86.ActiveCfg = Release|Win32
		{E0E5DF52-2F4A-4922-AA75-F9FEBD5C837A}.Release|x86.Build.0 = Release|Win32
		{FA3D9274-8B54-47A0-A030-3C11B87A99D7}.Debug|x64.ActiveCfg = Debug|x64
		{FA3D9274-8B54-47A0-A030-3C11B87A99D7}.Debug|x64.Build.0 = Debug|x64
		{FA3D9274-8B54-47A0-A030-3C11B87A99D7}.Debug|x86.ActiveCfg = Debug|Win32
		{FA3D9274-8B54-47A0-A030-3C11B87A99D7}.Debug|x86.Build.0 = Debug|Win32
		{FA3D9274-8B54-47A0-A030-3C11B87A99D7}.Release|x64.ActiveCfg = Release|x64
		{FA3D9274-8B54-47A0-A030-3C11B87A99D7}.Release|x64.Build.0 = Release|x64
		{FA3D9274-8B54-47A0-A030-3C11B87A99D7}.Release|x86.ActiveCfg = Release|Win32
		{FA3D9274-8B54-47A0-A030-3C11B87A99D7}.Release|x86.Build.0 = Release|Win32
		{ED09F910-1CB7-4F87-8DFF-582A0870C43B}.Debug|x64.ActiveCfg = Debug|x64
		{ED09F910-1CB7-4F87-8DFF-582A0870C43B}.Debug|x64.Build.0 = Debug|x64
		{ED09F910-1CB7-4F87-8DFF-582A0870C43B}.Debug|x86.ActiveCfg = Debug|Win32
		{ED09F910-1CB7-4F87-8DFF-582A0870C43B}.Debug|x86.Build.0 = Debug|Win32
		{ED09F910-1CB7-4F87-8DFF-582A0870C43B}.Release|x64.ActiveCfg = Release|x64
		{ED09F910-1CB7-4F87-8DFF-582A0870C43B}.Release|x64.Build.0 = Release|x64
		{ED09F910-1CB7-4F87-8DFF-582A0870C43B}.Release|x86.ActiveCfg = Release|Win32
		{ED09F910-1CB7-4F87-8DFF-582A0870C43B}.Release|x86.Build.0 = Release|Win32
		{77315A8A-416A-4EF9-968B-307D23F4604F}.Debug|x64.ActiveCfg = Debug|x64
		{77315A8A-416A-4EF9-968B-307D23F4604F}.Debug|x64.Build.0 = Debug|x64
		{77315A8A-416A-4EF9-968B-307D23F4604F}.Debug|x86.ActiveCfg = Debug|Win32
		{77315A8A-416A-4EF9-968B-307D23F4604F}.Debug|x86.Build.0 = Debug|Win32
		{77315A8A-416A-4EF9-968B-307D23F4604F}.Release|x64.ActiveCfg = Release|x64
		{77315A8A-416A-4EF9-968B-307D23F4604F}.Release|x64.Build.0 = Release|x64
		{77315A8A-416A-4EF9-968B-307D23F4604F}.Release|x86.ActiveCfg = Release|Win32
		{77315A8A-416A-4EF9-968B-307D23F4604F}.Release|x86.Build.0 = Release|Win32
		{777E3636-EBD6-4738-927A-5B64FB3FAD03}.Debug|x64.ActiveCfg = Debug|x64
		{777E3636-EBD6-4738-927A-5B64FB3FAD03}.Debug|x64.Build.0 = Debug|x64
		{777E3636-EBD6-4738-927A-5B64FB3FAD03}.Debug|x86.ActiveCfg = Debug|Win32
		{777E3636-EBD6-4738-927A-5B64FB3FAD03}.Debug|x86.Build.0 = Debug|Win32
		{777E3636-EBD6-4738-927A-5B64FB3FAD03}.Release|x64.ActiveCfg = Release|x64
		{777E3636-EBD6-4738-927A-5B64FB3FAD03}.Release|x64.Build.0 = Release|x64
		{777E3636-EBD6-4738-927A-5B64FB3FAD03}.Release|x86.ActiveCfg = Release|Win32
		{777E3636-EBD6-4738-927A-5B64FB3FAD03}.Release|x86.Build.0 = Release|Win32
		{3C5436A6-9045-4D80-B2E5-7F765B14B51F}.Debug|x64.ActiveCfg = Debug|x64
		{3C5436A6-9045-4D80-B2E5-7F765B14B51F}.Debug|x64.Build.0 = Debug|x64
		{3C5436A6-9045-4D80-B2E5-7F765B14B51F}.Debug|x86.ActiveCfg = Debug|Win32
		{3C5436A6-9045-4D80-B2E5-7F765B14B51F}.Debug|x86.Build.0 = Debug|Win32
		{3C5436A6-9045-4D80-B2E5-7F765B14B51F}.Release|x64.ActiveCfg = Release|x64
		{3C5436A6-9045-4D80-B2E5-7F765B14B51F}.Release|x64.Build.0 = Release|x64
		{3C5436A6-9045-4D80-B2E5-7F765B14B51F}.Release|x86.ActiveCfg = Release|Win32
		{3C5436A6-9045-4D80-B2E5-7F765B14B51F}.Release|x86.Build.0 = Release|Win32
		{350A7CB1-5154-4C32-809A-0F7EE012D3BA}.Debug|x64.ActiveCfg = Debug|x64
		{350A7CB1-5154-4C32-809A-0F7EE012D3BA}.Debug|x64.Build.0 = Debug|x64
		{350A7CB1-5154-4C32-809A-0F7EE012D3BA}.Debug|x86.ActiveCfg = Debug|Win32
		{350A7CB1-5154-4C32-809A-0F7EE012D3BA}.Debug|x86.Build.0 = Debug|Win32
		{350A7CB1-5154-4C32-809A-0F7EE012D3BA}.Release|x64.ActiveCfg = Release|x64
		{350A7CB1-5154-4C32-809A-0F7EE012D3BA}.Release|x64.Build.0 = Release|x64
		{350A7CB1-5154-4C32-809A-0F7EE012D3BA}.Release|x86.ActiveCfg = Release|Win32
		{350A7CB1-5154-4C32-809A-0F7EE012D3BA}.Release|x86.Build.0 = Release|Win32
		{0AEAFC23-DBC5-41D7-9A4A-59A9900724B0}.Debug|x64.ActiveCfg = Debug|x64
		{0AEAFC23-DBC5-41D7-9A4A-59A9900724B0}.Debug|x64.Build.0 = Debug|x64
		{0AEAFC23-DBC5-41D7-9A4A-59A9900724B0}.Debug|x86.ActiveCfg = Debug|Win32
		{0AEAFC23-DBC5-41D7-9A4A-59A9900724B0}.Debug|x86.Build.0 = Debug|Win32
		{0AEAFC23-DBC5-41D7-9A4A-59A9900724B0}.Release|x64.ActiveCfg = Release|x64
		{0AEAFC23-DBC5-41D7-9A4A-59A9900724B0}.Release|x64.Build.0 = Release|x64
		{0AEAFC23-DBC5-41D7-9A4A-59A9900724B0}.Release|x86.ActiveCfg = Release|Win32
		{0AEAFC23-DBC5-41D7-9A4A-59A9900724B0}.Release|x86.Build.0 = Release|Win32
		{32966FC3-0978-485C-A285-D775CCE72CFC}.Debug|x64.ActiveCfg = Debug|x64
		{32966FC3-0978-485C-A285-D775CCE72CFC}.Debug|x64.Build.0 = Debug|x64
		{32966FC3-0978-485C-A285-D775CCE72CFC}.Debug|x86.ActiveCfg = Debug|Win32
		{32966FC3-0978-485C-A285-D775CCE72CFC}.Debug|x86.Build.0 = Debug|Win32
		{32966FC3-0978-485C-A285-D775CCE72CFC}.Release|x64.ActiveCfg = Release|x64
		{32966FC3-0978-485C-A285-D775CCE72CFC}.Release|x64.Build.0 = Release|x64
		{32966FC3-0978-485C-A285-D775CCE72CFC}.Release|x86.ActiveCfg = Release|Win32
		{32966FC3-0978-485C-A285-D775CCE72CFC}.Release|x86.Build.0 = Release|Win32
		{CECD8A9D-A630-48FE-A633-AFAF66650F94}.Debug|x64.ActiveCfg = Debug|x64
		{CECD8A9D-A630-48FE-A633-AFAF66650F94}.Debug|x64.Build.0 = Debug|x64
		{CECD8A9D-A630-48FE-A633-AFAF66650F94}.Debug|x86.ActiveCfg = Debug|Win32
		{CECD8A9D-A630-48FE-A633-AFAF66650F94}.Debug|x86.Build.0 = Debug|Win32
		{CECD8A9D-A630-48FE-A633-AFAF66650F94}.Release|x64.ActiveCfg = Release|x64
		{CECD8A9D-A630-48FE-A633-AFAF66650F94}.Release|x64.Build.0 = Release|x64
		{CECD8A9D-A630-48FE-A633-AFAF66650F94}.Release|x86.ActiveCfg = Release|Win32
		{CECD8A9D-A630-48FE-A633-AFAF66650F94}.Release|x86.Build.0 = Release|Win32
	EndGlobalSection
	GlobalSection(SolutionProperties) = preSolution
		HideSolutionNode = FALSE
	EndGlobalSection
	GlobalSection(ExtensibilityGlobals) = postSolution
		SolutionGuid = {C2E5EE21-0073-40E3-8DFF-18140253EB27}
	EndGlobalSection
EndGlobal
